// !$*UTF8*$!
{
	archiveVersion = 1;
	classes = {
	};
	objectVersion = 50;
	objects = {

/* Begin PBXBuildFile section */
		6EE3E87D24C08B73005D6E57 /* AppDelegate.swift in Sources */ = {isa = PBXBuildFile; fileRef = 6EE3E87C24C08B73005D6E57 /* AppDelegate.swift */; };
		6EE3E87F24C08B73005D6E57 /* SceneDelegate.swift in Sources */ = {isa = PBXBuildFile; fileRef = 6EE3E87E24C08B73005D6E57 /* SceneDelegate.swift */; };
		6EE3E88124C08B73005D6E57 /* ViewController.swift in Sources */ = {isa = PBXBuildFile; fileRef = 6EE3E88024C08B73005D6E57 /* ViewController.swift */; };
		6EE3E88424C08B73005D6E57 /* Main.storyboard in Resources */ = {isa = PBXBuildFile; fileRef = 6EE3E88224C08B73005D6E57 /* Main.storyboard */; };
		6EE3E88624C08B74005D6E57 /* Assets.xcassets in Resources */ = {isa = PBXBuildFile; fileRef = 6EE3E88524C08B74005D6E57 /* Assets.xcassets */; };
		6EE3E88924C08B74005D6E57 /* LaunchScreen.storyboard in Resources */ = {isa = PBXBuildFile; fileRef = 6EE3E88724C08B74005D6E57 /* LaunchScreen.storyboard */; };
		6EE3E89424C08B74005D6E57 /* MapkitWorkTests.swift in Sources */ = {isa = PBXBuildFile; fileRef = 6EE3E89324C08B74005D6E57 /* MapkitWorkTests.swift */; };
		6EE3E89F24C08B74005D6E57 /* MapkitWorkUITests.swift in Sources */ = {isa = PBXBuildFile; fileRef = 6EE3E89E24C08B74005D6E57 /* MapkitWorkUITests.swift */; };
/* End PBXBuildFile section */

/* Begin PBXContainerItemProxy section */
		6EE3E89024C08B74005D6E57 /* PBXContainerItemProxy */ = {
			isa = PBXContainerItemProxy;
			containerPortal = 6EE3E87124C08B73005D6E57 /* Project object */;
			proxyType = 1;
			remoteGlobalIDString = 6EE3E87824C08B73005D6E57;
			remoteInfo = MapkitWork;
		};
		6EE3E89B24C08B74005D6E57 /* PBXContainerItemProxy */ = {
			isa = PBXContainerItemProxy;
			containerPortal = 6EE3E87124C08B73005D6E57 /* Project object */;
			proxyType = 1;
			remoteGlobalIDString = 6EE3E87824C08B73005D6E57;
			remoteInfo = MapkitWork;
		};
/* End PBXContainerItemProxy section */

/* Begin PBXFileReference section */
		6EE3E87924C08B73005D6E57 /* MapkitWork.app */ = {isa = PBXFileReference; explicitFileType = wrapper.application; includeInIndex = 0; path = MapkitWork.app; sourceTree = BUILT_PRODUCTS_DIR; };
		6EE3E87C24C08B73005D6E57 /* AppDelegate.swift */ = {isa = PBXFileReference; lastKnownFileType = sourcecode.swift; path = AppDelegate.swift; sourceTree = "<group>"; };
		6EE3E87E24C08B73005D6E57 /* SceneDelegate.swift */ = {isa = PBXFileReference; lastKnownFileType = sourcecode.swift; path = SceneDelegate.swift; sourceTree = "<group>"; };
		6EE3E88024C08B73005D6E57 /* ViewController.swift */ = {isa = PBXFileReference; lastKnownFileType = sourcecode.swift; path = ViewController.swift; sourceTree = "<group>"; };
		6EE3E88324C08B73005D6E57 /* Base */ = {isa = PBXFileReference; lastKnownFileType = file.storyboard; name = Base; path = Base.lproj/Main.storyboard; sourceTree = "<group>"; };
		6EE3E88524C08B74005D6E57 /* Assets.xcassets */ = {isa = PBXFileReference; lastKnownFileType = folder.assetcatalog; path = Assets.xcassets; sourceTree = "<group>"; };
		6EE3E88824C08B74005D6E57 /* Base */ = {isa = PBXFileReference; lastKnownFileType = file.storyboard; name = Base; path = Base.lproj/LaunchScreen.storyboard; sourceTree = "<group>"; };
		6EE3E88A24C08B74005D6E57 /* Info.plist */ = {isa = PBXFileReference; lastKnownFileType = text.plist.xml; path = Info.plist; sourceTree = "<group>"; };
		6EE3E88F24C08B74005D6E57 /* MapkitWorkTests.xctest */ = {isa = PBXFileReference; explicitFileType = wrapper.cfbundle; includeInIndex = 0; path = MapkitWorkTests.xctest; sourceTree = BUILT_PRODUCTS_DIR; };
		6EE3E89324C08B74005D6E57 /* MapkitWorkTests.swift */ = {isa = PBXFileReference; lastKnownFileType = sourcecode.swift; path = MapkitWorkTests.swift; sourceTree = "<group>"; };
		6EE3E89524C08B74005D6E57 /* Info.plist */ = {isa = PBXFileReference; lastKnownFileType = text.plist.xml; path = Info.plist; sourceTree = "<group>"; };
		6EE3E89A24C08B74005D6E57 /* MapkitWorkUITests.xctest */ = {isa = PBXFileReference; explicitFileType = wrapper.cfbundle; includeInIndex = 0; path = MapkitWorkUITests.xctest; sourceTree = BUILT_PRODUCTS_DIR; };
		6EE3E89E24C08B74005D6E57 /* MapkitWorkUITests.swift */ = {isa = PBXFileReference; lastKnownFileType = sourcecode.swift; path = MapkitWorkUITests.swift; sourceTree = "<group>"; };
		6EE3E8A024C08B74005D6E57 /* Info.plist */ = {isa = PBXFileReference; lastKnownFileType = text.plist.xml; path = Info.plist; sourceTree = "<group>"; };
/* End PBXFileReference section */

/* Begin PBXFrameworksBuildPhase section */
		6EE3E87624C08B73005D6E57 /* Frameworks */ = {
			isa = PBXFrameworksBuildPhase;
			buildActionMask = 2147483647;
			files = (
			);
			runOnlyForDeploymentPostprocessing = 0;
		};
		6EE3E88C24C08B74005D6E57 /* Frameworks */ = {
			isa = PBXFrameworksBuildPhase;
			buildActionMask = 2147483647;
			files = (
			);
			runOnlyForDeploymentPostprocessing = 0;
		};
		6EE3E89724C08B74005D6E57 /* Frameworks */ = {
			isa = PBXFrameworksBuildPhase;
			buildActionMask = 2147483647;
			files = (
			);
			runOnlyForDeploymentPostprocessing = 0;
		};
/* End PBXFrameworksBuildPhase section */

/* Begin PBXGroup section */
		6EE3E87024C08B73005D6E57 = {
			isa = PBXGroup;
			children = (
				6EE3E87B24C08B73005D6E57 /* MapkitWork */,
				6EE3E89224C08B74005D6E57 /* MapkitWorkTests */,
				6EE3E89D24C08B74005D6E57 /* MapkitWorkUITests */,
				6EE3E87A24C08B73005D6E57 /* Products */,
			);
			sourceTree = "<group>";
		};
		6EE3E87A24C08B73005D6E57 /* Products */ = {
			isa = PBXGroup;
			children = (
				6EE3E87924C08B73005D6E57 /* MapkitWork.app */,
				6EE3E88F24C08B74005D6E57 /* MapkitWorkTests.xctest */,
				6EE3E89A24C08B74005D6E57 /* MapkitWorkUITests.xctest */,
			);
			name = Products;
			sourceTree = "<group>";
		};
		6EE3E87B24C08B73005D6E57 /* MapkitWork */ = {
			isa = PBXGroup;
			children = (
				6EE3E87C24C08B73005D6E57 /* AppDelegate.swift */,
				6EE3E87E24C08B73005D6E57 /* SceneDelegate.swift */,
				6EE3E88024C08B73005D6E57 /* ViewController.swift */,
				6EE3E88224C08B73005D6E57 /* Main.storyboard */,
				6EE3E88524C08B74005D6E57 /* Assets.xcassets */,
				6EE3E88724C08B74005D6E57 /* LaunchScreen.storyboard */,
				6EE3E88A24C08B74005D6E57 /* Info.plist */,
			);
			path = MapkitWork;
			sourceTree = "<group>";
		};
		6EE3E89224C08B74005D6E57 /* MapkitWorkTests */ = {
			isa = PBXGroup;
			children = (
				6EE3E89324C08B74005D6E57 /* MapkitWorkTests.swift */,
				6EE3E89524C08B74005D6E57 /* Info.plist */,
			);
			path = MapkitWorkTests;
			sourceTree = "<group>";
		};
		6EE3E89D24C08B74005D6E57 /* MapkitWorkUITests */ = {
			isa = PBXGroup;
			children = (
				6EE3E89E24C08B74005D6E57 /* MapkitWorkUITests.swift */,
				6EE3E8A024C08B74005D6E57 /* Info.plist */,
			);
			path = MapkitWorkUITests;
			sourceTree = "<group>";
		};
/* End PBXGroup section */

/* Begin PBXNativeTarget section */
		6EE3E87824C08B73005D6E57 /* MapkitWork */ = {
			isa = PBXNativeTarget;
			buildConfigurationList = 6EE3E8A324C08B74005D6E57 /* Build configuration list for PBXNativeTarget "MapkitWork" */;
			buildPhases = (
				6EE3E87524C08B73005D6E57 /* Sources */,
				6EE3E87624C08B73005D6E57 /* Frameworks */,
				6EE3E87724C08B73005D6E57 /* Resources */,
			);
			buildRules = (
			);
			dependencies = (
			);
			name = MapkitWork;
			productName = MapkitWork;
			productReference = 6EE3E87924C08B73005D6E57 /* MapkitWork.app */;
			productType = "com.apple.product-type.application";
		};
		6EE3E88E24C08B74005D6E57 /* MapkitWorkTests */ = {
			isa = PBXNativeTarget;
			buildConfigurationList = 6EE3E8A624C08B74005D6E57 /* Build configuration list for PBXNativeTarget "MapkitWorkTests" */;
			buildPhases = (
				6EE3E88B24C08B74005D6E57 /* Sources */,
				6EE3E88C24C08B74005D6E57 /* Frameworks */,
				6EE3E88D24C08B74005D6E57 /* Resources */,
			);
			buildRules = (
			);
			dependencies = (
				6EE3E89124C08B74005D6E57 /* PBXTargetDependency */,
			);
			name = MapkitWorkTests;
			productName = MapkitWorkTests;
			productReference = 6EE3E88F24C08B74005D6E57 /* MapkitWorkTests.xctest */;
			productType = "com.apple.product-type.bundle.unit-test";
		};
		6EE3E89924C08B74005D6E57 /* MapkitWorkUITests */ = {
			isa = PBXNativeTarget;
			buildConfigurationList = 6EE3E8A924C08B74005D6E57 /* Build configuration list for PBXNativeTarget "MapkitWorkUITests" */;
			buildPhases = (
				6EE3E89624C08B74005D6E57 /* Sources */,
				6EE3E89724C08B74005D6E57 /* Frameworks */,
				6EE3E89824C08B74005D6E57 /* Resources */,
			);
			buildRules = (
			);
			dependencies = (
				6EE3E89C24C08B74005D6E57 /* PBXTargetDependency */,
			);
			name = MapkitWorkUITests;
			productName = MapkitWorkUITests;
			productReference = 6EE3E89A24C08B74005D6E57 /* MapkitWorkUITests.xctest */;
			productType = "com.apple.product-type.bundle.ui-testing";
		};
/* End PBXNativeTarget section */

/* Begin PBXProject section */
		6EE3E87124C08B73005D6E57 /* Project object */ = {
			isa = PBXProject;
			attributes = {
				LastSwiftUpdateCheck = 1160;
				LastUpgradeCheck = 1160;
				ORGANIZATIONNAME = SloWax;
				TargetAttributes = {
					6EE3E87824C08B73005D6E57 = {
						CreatedOnToolsVersion = 11.6;
					};
					6EE3E88E24C08B74005D6E57 = {
						CreatedOnToolsVersion = 11.6;
						TestTargetID = 6EE3E87824C08B73005D6E57;
					};
					6EE3E89924C08B74005D6E57 = {
						CreatedOnToolsVersion = 11.6;
						TestTargetID = 6EE3E87824C08B73005D6E57;
					};
				};
			};
			buildConfigurationList = 6EE3E87424C08B73005D6E57 /* Build configuration list for PBXProject "MapkitWork" */;
			compatibilityVersion = "Xcode 9.3";
			developmentRegion = en;
			hasScannedForEncodings = 0;
			knownRegions = (
				en,
				Base,
			);
			mainGroup = 6EE3E87024C08B73005D6E57;
			productRefGroup = 6EE3E87A24C08B73005D6E57 /* Products */;
			projectDirPath = "";
			projectRoot = "";
			targets = (
				6EE3E87824C08B73005D6E57 /* MapkitWork */,
				6EE3E88E24C08B74005D6E57 /* MapkitWorkTests */,
				6EE3E89924C08B74005D6E57 /* MapkitWorkUITests */,
			);
		};
/* End PBXProject section */

/* Begin PBXResourcesBuildPhase section */
		6EE3E87724C08B73005D6E57 /* Resources */ = {
			isa = PBXResourcesBuildPhase;
			buildActionMask = 2147483647;
			files = (
				6EE3E88924C08B74005D6E57 /* LaunchScreen.storyboard in Resources */,
				6EE3E88624C08B74005D6E57 /* Assets.xcassets in Resources */,
				6EE3E88424C08B73005D6E57 /* Main.storyboard in Resources */,
			);
			runOnlyForDeploymentPostprocessing = 0;
		};
		6EE3E88D24C08B74005D6E57 /* Resources */ = {
			isa = PBXResourcesBuildPhase;
			buildActionMask = 2147483647;
			files = (
			);
			runOnlyForDeploymentPostprocessing = 0;
		};
		6EE3E89824C08B74005D6E57 /* Resources */ = {
			isa = PBXResourcesBuildPhase;
			buildActionMask = 2147483647;
			files = (
			);
			runOnlyForDeploymentPostprocessing = 0;
		};
/* End PBXResourcesBuildPhase section */

/* Begin PBXSourcesBuildPhase section */
		6EE3E87524C08B73005D6E57 /* Sources */ = {
			isa = PBXSourcesBuildPhase;
			buildActionMask = 2147483647;
			files = (
				6EE3E88124C08B73005D6E57 /* ViewController.swift in Sources */,
				6EE3E87D24C08B73005D6E57 /* AppDelegate.swift in Sources */,
				6EE3E87F24C08B73005D6E57 /* SceneDelegate.swift in Sources */,
			);
			runOnlyForDeploymentPostprocessing = 0;
		};
		6EE3E88B24C08B74005D6E57 /* Sources */ = {
			isa = PBXSourcesBuildPhase;
			buildActionMask = 2147483647;
			files = (
				6EE3E89424C08B74005D6E57 /* MapkitWorkTests.swift in Sources */,
			);
			runOnlyForDeploymentPostprocessing = 0;
		};
		6EE3E89624C08B74005D6E57 /* Sources */ = {
			isa = PBXSourcesBuildPhase;
			buildActionMask = 2147483647;
			files = (
				6EE3E89F24C08B74005D6E57 /* MapkitWorkUITests.swift in Sources */,
			);
			runOnlyForDeploymentPostprocessing = 0;
		};
/* End PBXSourcesBuildPhase section */

/* Begin PBXTargetDependency section */
		6EE3E89124C08B74005D6E57 /* PBXTargetDependency */ = {
			isa = PBXTargetDependency;
			target = 6EE3E87824C08B73005D6E57 /* MapkitWork */;
			targetProxy = 6EE3E89024C08B74005D6E57 /* PBXContainerItemProxy */;
		};
		6EE3E89C24C08B74005D6E57 /* PBXTargetDependency */ = {
			isa = PBXTargetDependency;
			target = 6EE3E87824C08B73005D6E57 /* MapkitWork */;
			targetProxy = 6EE3E89B24C08B74005D6E57 /* PBXContainerItemProxy */;
		};
/* End PBXTargetDependency section */

/* Begin PBXVariantGroup section */
		6EE3E88224C08B73005D6E57 /* Main.storyboard */ = {
			isa = PBXVariantGroup;
			children = (
				6EE3E88324C08B73005D6E57 /* Base */,
			);
			name = Main.storyboard;
			sourceTree = "<group>";
		};
		6EE3E88724C08B74005D6E57 /* LaunchScreen.storyboard */ = {
			isa = PBXVariantGroup;
			children = (
				6EE3E88824C08B74005D6E57 /* Base */,
			);
			name = LaunchScreen.storyboard;
			sourceTree = "<group>";
		};
/* End PBXVariantGroup section */

/* Begin XCBuildConfiguration section */
		6EE3E8A124C08B74005D6E57 /* Debug */ = {
			isa = XCBuildConfiguration;
			buildSettings = {
				ALWAYS_SEARCH_USER_PATHS = NO;
				CLANG_ANALYZER_NONNULL = YES;
				CLANG_ANALYZER_NUMBER_OBJECT_CONVERSION = YES_AGGRESSIVE;
				CLANG_CXX_LANGUAGE_STANDARD = "gnu++14";
				CLANG_CXX_LIBRARY = "libc++";
				CLANG_ENABLE_MODULES = YES;
				CLANG_ENABLE_OBJC_ARC = YES;
				CLANG_ENABLE_OBJC_WEAK = YES;
				CLANG_WARN_BLOCK_CAPTURE_AUTORELEASING = YES;
				CLANG_WARN_BOOL_CONVERSION = YES;
				CLANG_WARN_COMMA = YES;
				CLANG_WARN_CONSTANT_CONVERSION = YES;
				CLANG_WARN_DEPRECATED_OBJC_IMPLEMENTATIONS = YES;
				CLANG_WARN_DIRECT_OBJC_ISA_USAGE = YES_ERROR;
				CLANG_WARN_DOCUMENTATION_COMMENTS = YES;
				CLANG_WARN_EMPTY_BODY = YES;
				CLANG_WARN_ENUM_CONVERSION = YES;
				CLANG_WARN_INFINITE_RECURSION = YES;
				CLANG_WARN_INT_CONVERSION = YES;
				CLANG_WARN_NON_LITERAL_NULL_CONVERSION = YES;
				CLANG_WARN_OBJC_IMPLICIT_RETAIN_SELF = YES;
				CLANG_WARN_OBJC_LITERAL_CONVERSION = YES;
				CLANG_WARN_OBJC_ROOT_CLASS = YES_ERROR;
				CLANG_WARN_RANGE_LOOP_ANALYSIS = YES;
				CLANG_WARN_STRICT_PROTOTYPES = YES;
				CLANG_WARN_SUSPICIOUS_MOVE = YES;
				CLANG_WARN_UNGUARDED_AVAILABILITY = YES_AGGRESSIVE;
				CLANG_WARN_UNREACHABLE_CODE = YES;
				CLANG_WARN__DUPLICATE_METHOD_MATCH = YES;
				COPY_PHASE_STRIP = NO;
				DEBUG_INFORMATION_FORMAT = dwarf;
				ENABLE_STRICT_OBJC_MSGSEND = YES;
				ENABLE_TESTABILITY = YES;
				GCC_C_LANGUAGE_STANDARD = gnu11;
				GCC_DYNAMIC_NO_PIC = NO;
				GCC_NO_COMMON_BLOCKS = YES;
				GCC_OPTIMIZATION_LEVEL = 0;
				GCC_PREPROCESSOR_DEFINITIONS = (
					"DEBUG=1",
					"$(inherited)",
				);
				GCC_WARN_64_TO_32_BIT_CONVERSION = YES;
				GCC_WARN_ABOUT_RETURN_TYPE = YES_ERROR;
				GCC_WARN_UNDECLARED_SELECTOR = YES;
				GCC_WARN_UNINITIALIZED_AUTOS = YES_AGGRESSIVE;
				GCC_WARN_UNUSED_FUNCTION = YES;
				GCC_WARN_UNUSED_VARIABLE = YES;
				IPHONEOS_DEPLOYMENT_TARGET = 13.6;
				MTL_ENABLE_DEBUG_INFO = INCLUDE_SOURCE;
				MTL_FAST_MATH = YES;
				ONLY_ACTIVE_ARCH = YES;
				SDKROOT = iphoneos;
				SWIFT_ACTIVE_COMPILATION_CONDITIONS = DEBUG;
				SWIFT_OPTIMIZATION_LEVEL = "-Onone";
			};
			name = Debug;
		};
		6EE3E8A224C08B74005D6E57 /* Release */ = {
			isa = XCBuildConfiguration;
			buildSettings = {
				ALWAYS_SEARCH_USER_PATHS = NO;
				CLANG_ANALYZER_NONNULL = YES;
				CLANG_ANALYZER_NUMBER_OBJECT_CONVERSION = YES_AGGRESSIVE;
				CLANG_CXX_LANGUAGE_STANDARD = "gnu++14";
				CLANG_CXX_LIBRARY = "libc++";
				CLANG_ENABLE_MODULES = YES;
				CLANG_ENABLE_OBJC_ARC = YES;
				CLANG_ENABLE_OBJC_WEAK = YES;
				CLANG_WARN_BLOCK_CAPTURE_AUTORELEASING = YES;
				CLANG_WARN_BOOL_CONVERSION = YES;
				CLANG_WARN_COMMA = YES;
				CLANG_WARN_CONSTANT_CONVERSION = YES;
				CLANG_WARN_DEPRECATED_OBJC_IMPLEMENTATIONS = YES;
				CLANG_WARN_DIRECT_OBJC_ISA_USAGE = YES_ERROR;
				CLANG_WARN_DOCUMENTATION_COMMENTS = YES;
				CLANG_WARN_EMPTY_BODY = YES;
				CLANG_WARN_ENUM_CONVERSION = YES;
				CLANG_WARN_INFINITE_RECURSION = YES;
				CLANG_WARN_INT_CONVERSION = YES;
				CLANG_WARN_NON_LITERAL_NULL_CONVERSION = YES;
				CLANG_WARN_OBJC_IMPLICIT_RETAIN_SELF = YES;
				CLANG_WARN_OBJC_LITERAL_CONVERSION = YES;
				CLANG_WARN_OBJC_ROOT_CLASS = YES_ERROR;
				CLANG_WARN_RANGE_LOOP_ANALYSIS = YES;
				CLANG_WARN_STRICT_PROTOTYPES = YES;
				CLANG_WARN_SUSPICIOUS_MOVE = YES;
				CLANG_WARN_UNGUARDED_AVAILABILITY = YES_AGGRESSIVE;
				CLANG_WARN_UNREACHABLE_CODE = YES;
				CLANG_WARN__DUPLICATE_METHOD_MATCH = YES;
				COPY_PHASE_STRIP = NO;
				DEBUG_INFORMATION_FORMAT = "dwarf-with-dsym";
				ENABLE_NS_ASSERTIONS = NO;
				ENABLE_STRICT_OBJC_MSGSEND = YES;
				GCC_C_LANGUAGE_STANDARD = gnu11;
				GCC_NO_COMMON_BLOCKS = YES;
				GCC_WARN_64_TO_32_BIT_CONVERSION = YES;
				GCC_WARN_ABOUT_RETURN_TYPE = YES_ERROR;
				GCC_WARN_UNDECLARED_SELECTOR = YES;
				GCC_WARN_UNINITIALIZED_AUTOS = YES_AGGRESSIVE;
				GCC_WARN_UNUSED_FUNCTION = YES;
				GCC_WARN_UNUSED_VARIABLE = YES;
				IPHONEOS_DEPLOYMENT_TARGET = 13.6;
				MTL_ENABLE_DEBUG_INFO = NO;
				MTL_FAST_MATH = YES;
				SDKROOT = iphoneos;
				SWIFT_COMPILATION_MODE = wholemodule;
				SWIFT_OPTIMIZATION_LEVEL = "-O";
				VALIDATE_PRODUCT = YES;
			};
			name = Release;
		};
		6EE3E8A424C08B74005D6E57 /* Debug */ = {
			isa = XCBuildConfiguration;
			buildSettings = {
				ASSETCATALOG_COMPILER_APPICON_NAME = AppIcon;
				CODE_SIGN_STYLE = Automatic;
				INFOPLIST_FILE = MapkitWork/Info.plist;
				LD_RUNPATH_SEARCH_PATHS = (
					"$(inherited)",
					"@executable_path/Frameworks",
				);
				PRODUCT_BUNDLE_IDENTIFIER = individual.MapkitWork;
				PRODUCT_NAME = "$(TARGET_NAME)";
				SWIFT_VERSION = 5.0;
				TARGETED_DEVICE_FAMILY = "1,2";
			};
			name = Debug;
		};
		6EE3E8A524C08B74005D6E57 /* Release */ = {
			isa = XCBuildConfiguration;
			buildSettings = {
				ASSETCATALOG_COMPILER_APPICON_NAME = AppIcon;
				CODE_SIGN_STYLE = Automatic;
				INFOPLIST_FILE = MapkitWork/Info.plist;
				LD_RUNPATH_SEARCH_PATHS = (
					"$(inherited)",
					"@executable_path/Frameworks",
				);
				PRODUCT_BUNDLE_IDENTIFIER = individual.MapkitWork;
				PRODUCT_NAME = "$(TARGET_NAME)";
				SWIFT_VERSION = 5.0;
				TARGETED_DEVICE_FAMILY = "1,2";
			};
			name = Release;
		};
		6EE3E8A724C08B74005D6E57 /* Debug */ = {
			isa = XCBuildConfiguration;
			buildSettings = {
				ALWAYS_EMBED_SWIFT_STANDARD_LIBRARIES = YES;
				BUNDLE_LOADER = "$(TEST_HOST)";
				CODE_SIGN_STYLE = Automatic;
				INFOPLIST_FILE = MapkitWorkTests/Info.plist;
				IPHONEOS_DEPLOYMENT_TARGET = 13.6;
				LD_RUNPATH_SEARCH_PATHS = (
					"$(inherited)",
					"@executable_path/Frameworks",
					"@loader_path/Frameworks",
				);
				PRODUCT_BUNDLE_IDENTIFIER = individual.MapkitWorkTests;
				PRODUCT_NAME = "$(TARGET_NAME)";
				SWIFT_VERSION = 5.0;
				TARGETED_DEVICE_FAMILY = "1,2";
				TEST_HOST = "$(BUILT_PRODUCTS_DIR)/MapkitWork.app/MapkitWork";
			};
			name = Debug;
		};
		6EE3E8A824C08B74005D6E57 /* Release */ = {
			isa = XCBuildConfiguration;
			buildSettings = {
				ALWAYS_EMBED_SWIFT_STANDARD_LIBRARIES = YES;
				BUNDLE_LOADER = "$(TEST_HOST)";
				CODE_SIGN_STYLE = Automatic;
				INFOPLIST_FILE = MapkitWorkTests/Info.plist;
				IPHONEOS_DEPLOYMENT_TARGET = 13.6;
				LD_RUNPATH_SEARCH_PATHS = (
					"$(inherited)",
					"@executable_path/Frameworks",
					"@loader_path/Frameworks",
				);
				PRODUCT_BUNDLE_IDENTIFIER = individual.MapkitWorkTests;
				PRODUCT_NAME = "$(TARGET_NAME)";
				SWIFT_VERSION = 5.0;
				TARGETED_DEVICE_FAMILY = "1,2";
				TEST_HOST = "$(BUILT_PRODUCTS_DIR)/MapkitWork.app/MapkitWork";
			};
			name = Release;
		};
		6EE3E8AA24C08B74005D6E57 /* Debug */ = {
			isa = XCBuildConfiguration;
			buildSettings = {
				ALWAYS_EMBED_SWIFT_STANDARD_LIBRARIES = YES;
				CODE_SIGN_STYLE = Automatic;
				INFOPLIST_FILE = MapkitWorkUITests/Info.plist;
				LD_RUNPATH_SEARCH_PATHS = (
					"$(inherited)",
					"@executable_path/Frameworks",
					"@loader_path/Frameworks",
				);
				PRODUCT_BUNDLE_IDENTIFIER = individual.MapkitWorkUITests;
				PRODUCT_NAME = "$(TARGET_NAME)";
				SWIFT_VERSION = 5.0;
				TARGETED_DEVICE_FAMILY = "1,2";
				TEST_TARGET_NAME = MapkitWork;
			};
			name = Debug;
		};
		6EE3E8AB24C08B74005D6E57 /* Release */ = {
			isa = XCBuildConfiguration;
			buildSettings = {
				ALWAYS_EMBED_SWIFT_STANDARD_LIBRARIES = YES;
				CODE_SIGN_STYLE = Automatic;
				INFOPLIST_FILE = MapkitWorkUITests/Info.plist;
				LD_RUNPATH_SEARCH_PATHS = (
					"$(inherited)",
					"@executable_path/Frameworks",
					"@loader_path/Frameworks",
				);
				PRODUCT_BUNDLE_IDENTIFIER = individual.MapkitWorkUITests;
				PRODUCT_NAME = "$(TARGET_NAME)";
				SWIFT_VERSION = 5.0;
				TARGETED_DEVICE_FAMILY = "1,2";
				TEST_TARGET_NAME = MapkitWork;
			};
			name = Release;
		};
/* End XCBuildConfiguration section */

/* Begin XCConfigurationList section */
		6EE3E87424C08B73005D6E57 /* Build configuration list for PBXProject "MapkitWork" */ = {
			isa = XCConfigurationList;
			buildConfigurations = (
				6EE3E8A124C08B74005D6E57 /* Debug */,
				6EE3E8A224C08B74005D6E57 /* Release */,
			);
			defaultConfigurationIsVisible = 0;
			defaultConfigurationName = Release;
		};
		6EE3E8A324C08B74005D6E57 /* Build configuration list for PBXNativeTarget "MapkitWork" */ = {
			isa = XCConfigurationList;
			buildConfigurations = (
				6EE3E8A424C08B74005D6E57 /* Debug */,
				6EE3E8A524C08B74005D6E57 /* Release */,
			);
			defaultConfigurationIsVisible = 0;
			defaultConfigurationName = Release;
		};
		6EE3E8A624C08B74005D6E57 /* Build configuration list for PBXNativeTarget "MapkitWorkTests" */ = {
			isa = XCConfigurationList;
			buildConfigurations = (
				6EE3E8A724C08B74005D6E57 /* Debug */,
				6EE3E8A824C08B74005D6E57 /* Release */,
			);
			defaultConfigurationIsVisible = 0;
			defaultConfigurationName = Release;
		};
		6EE3E8A924C08B74005D6E57 /* Build configuration list for PBXNativeTarget "MapkitWorkUITests" */ = {
			isa = XCConfigurationList;
			buildConfigurations = (
				6EE3E8AA24C08B74005D6E57 /* Debug */,
				6EE3E8AB24C08B74005D6E57 /* Release */,
			);
			defaultConfigurationIsVisible = 0;
			defaultConfigurationName = Release;
		};
/* End XCConfigurationList section */
	};
	rootObject = 6EE3E87124C08B73005D6E57 /* Project object */;
}
